{
    "opensoft/doctrine-postgres-types": {
        "version": "1.3.1"
    },
    "php": {
        "version": "7.4"
    },
    "symfony/browser-kit": {
        "version": "v5.0.6"
    },
    "symfony/css-selector": {
        "version": "v5.0.6"
    },
    "symfony/dom-crawler": {
        "version": "v5.0.6"
    },
    "symfony/phpunit-bridge": {
        "version": "4.3",
        "recipe": {
            "repo": "github.com/symfony/recipes",
            "branch": "master",
            "version": "4.3",
            "ref": "6d0e35f749d5f4bfe1f011762875275cd3f9874f"
        },
        "files": [
            ".env.test",
            "bin/phpunit",
            "phpunit.xml.dist",
            "tests/bootstrap.php"
        ]
    },
    "symfony/test-pack": {
        "version": "v1.0.6"
    }
}
